
Microsoft Visual Studio Solution File, Format Version 12.00
# Visual Studio Version 17
VisualStudioVersion = 17.0.32014.148
MinimumVisualStudioVersion = 10.0.40219.1
Project("{FAE04EC0-301F-11D3-BF4B-00C04F79EFBC}") = "test", "test\test.csproj", "{522384A2-705A-4AA5-8089-00440A0F99EC}"
EndProject
Global
	GlobalSection(SolutionConfigurationPlatforms) = preSolution
		Debug|Any CPU = Debug|Any CPU
		Release|Any CPU = Release|Any CPU
	EndGlobalSection
	GlobalSection(ProjectConfigurationPlatforms) = postSolution
		{522384A2-705A-4AA5-8089-00440A0F99EC}.Debug|Any CPU.ActiveCfg = Debug|Any CPU
		{522384A2-705A-4AA5-8089-00440A0F99EC}.Debug|Any CPU.Build.0 = Debug|Any CPU
		{522384A2-705A-4AA5-8089-00440A0F99EC}.Release|Any CPU.ActiveCfg = Release|Any CPU
		{522384A2-705A-4AA5-8089-00440A0F99EC}.Release|Any CPU.Build.0 = Release|Any CPU
	EndGlobalSection
	GlobalSection(SolutionProperties) = preSolution
		HideSolutionNode = FALSE
	EndGlobalSection
	GlobalSection(ExtensibilityGlobals) = postSolution
		SolutionGuid = {96762B62-4CF7-41F6-9D46-C45AF60CC259}
	EndGlobalSection
EndGlobal
